
Microsoft Visual Studio Solution File, Format Version 12.00
# Visual Studio Version 16
VisualStudioVersion = 16.0.30717.126
MinimumVisualStudioVersion = 10.0.40219.1
Project("{FAE04EC0-301F-11D3-BF4B-00C04F79EFBC}") = "IdentitySample", "IdentitySample\IdentitySample.csproj", "{B3DED06F-B9E2-4F3F-BAA7-8203B0FA493C}"
EndProject
Project("{FAE04EC0-301F-11D3-BF4B-00C04F79EFBC}") = "PersianTranslation", "PersianTranslation\PersianTranslation.csproj", "{68F8A9F6-E3BC-4448-A444-425194B4AC45}"
EndProject
Global
	GlobalSection(SolutionConfigurationPlatforms) = preSolution
		Debug|Any CPU = Debug|Any CPU
		Release|Any CPU = Release|Any CPU
	EndGlobalSection
	GlobalSection(ProjectConfigurationPlatforms) = postSolution
		{B3DED06F-B9E2-4F3F-BAA7-8203B0FA493C}.Debug|Any CPU.ActiveCfg = Debug|Any CPU
		{B3DED06F-B9E2-4F3F-BAA7-8203B0FA493C}.Debug|Any CPU.Build.0 = Debug|Any CPU
		{B3DED06F-B9E2-4F3F-BAA7-8203B0FA493C}.Release|Any CPU.ActiveCfg = Release|Any CPU
		{B3DED06F-B9E2-4F3F-BAA7-8203B0FA493C}.Release|Any CPU.Build.0 = Release|Any CPU
		{68F8A9F6-E3BC-4448-A444-425194B4AC45}.Debug|Any CPU.ActiveCfg = Debug|Any CPU
		{68F8A9F6-E3BC-4448-A444-425194B4AC45}.Debug|Any CPU.Build.0 = Debug|Any CPU
		{68F8A9F6-E3BC-4448-A444-425194B4AC45}.Release|Any CPU.ActiveCfg = Release|Any CPU
		{68F8A9F6-E3BC-4448-A444-425194B4AC45}.Release|Any CPU.Build.0 = Release|Any CPU
	EndGlobalSection
	GlobalSection(SolutionProperties) = preSolution
		HideSolutionNode = FALSE
	EndGlobalSection
	GlobalSection(ExtensibilityGlobals) = postSolution
		SolutionGuid = {7E72E2D4-7687-457E-AC63-63230C6B281C}
	EndGlobalSection
EndGlobal
